{
  "version": 4,
  "terraform_version": "1.8.2",
  "serial": 6,
  "lineage": "da0ec5f6-85bd-ecfc-f677-1825630bef88",
  "outputs": {},
  "resources": [
    {
      "mode": "managed",
      "type": "github_branch",
      "name": "development",
      "provider": "provider[\"registry.terraform.io/integrations/github\"]",
      "instances": [
        {
          "schema_version": 0,
          "attributes": {
            "branch": "dev",
            "etag": "W/\"64a6839cbfdb3c70fe5a9c558081b2a69da88e25daf8002c9f078d50bbfe7860\"",
            "id": "ARQ-TICS:dev",
            "ref": "refs/heads/dev",
            "repository": "ARQ-TICS",
            "sha": "5af1b248cd27fccbd61e34f0bac54492174d23fe",
            "source_branch": "main",
            "source_sha": "5af1b248cd27fccbd61e34f0bac54492174d23fe"
          },
          "sensitive_attributes": [],
          "private": "bnVsbA==",
          "dependencies": [
            "github_repository.example",
            "github_repository_file.readme",
            "github_repository_file.readme_commit"
          ]
        }
      ]
    },
    {
      "mode": "managed",
      "type": "github_branch",
      "name": "example",
      "provider": "provider[\"registry.terraform.io/integrations/github\"]",
      "instances": [
        {
          "schema_version": 0,
          "attributes": {
            "branch": "example",
            "etag": "W/\"2d116fef28a8f5789c1aa9624c3799e5455c1f4b610676ba6af0854cd8ae0881\"",
            "id": "ARQ-TICS:example",
            "ref": "refs/heads/example",
            "repository": "ARQ-TICS",
            "sha": "5af1b248cd27fccbd61e34f0bac54492174d23fe",
            "source_branch": "main",
            "source_sha": "5af1b248cd27fccbd61e34f0bac54492174d23fe"
          },
          "sensitive_attributes": [],
          "private": "bnVsbA==",
          "dependencies": [
            "github_repository.example",
            "github_repository_file.readme",
            "github_repository_file.readme_commit"
          ]
        }
      ]
    },
    {
      "mode": "managed",
      "type": "github_repository",
      "name": "example",
      "provider": "provider[\"registry.terraform.io/integrations/github\"]",
      "instances": [
        {
          "schema_version": 1,
          "attributes": {
            "allow_auto_merge": false,
            "allow_merge_commit": true,
            "allow_rebase_merge": true,
            "allow_squash_merge": true,
            "allow_update_branch": false,
            "archive_on_destroy": null,
            "archived": false,
            "auto_init": null,
            "default_branch": "main",
            "delete_branch_on_merge": false,
            "description": "Repo para ArqueTics",
            "etag": "W/\"7af424a56aeac00a7caca84043202cb301d63125740b330ded8b6400cc21b13f\"",
            "full_name": "cquilaguy/ARQ-TICS",
            "git_clone_url": "git://github.com/cquilaguy/ARQ-TICS.git",
            "gitignore_template": null,
            "has_discussions": false,
            "has_downloads": false,
            "has_issues": false,
            "has_projects": false,
            "has_wiki": false,
            "homepage_url": "",
            "html_url": "https://github.com/cquilaguy/ARQ-TICS",
            "http_clone_url": "https://github.com/cquilaguy/ARQ-TICS.git",
            "id": "ARQ-TICS",
            "ignore_vulnerability_alerts_during_read": null,
            "is_template": false,
            "license_template": null,
            "merge_commit_message": "PR_TITLE",
            "merge_commit_title": "MERGE_MESSAGE",
            "name": "ARQ-TICS",
            "node_id": "R_kgDOL1EVaw",
            "pages": [],
            "primary_language": "",
            "private": false,
            "repo_id": 793843051,
            "security_and_analysis": [
              {
                "advanced_security": [],
                "secret_scanning": [
                  {
                    "status": "enabled"
                  }
                ],
                "secret_scanning_push_protection": [
                  {
                    "status": "enabled"
                  }
                ]
              }
            ],
            "squash_merge_commit_message": "COMMIT_MESSAGES",
            "squash_merge_commit_title": "COMMIT_OR_PR_TITLE",
            "ssh_clone_url": "git@github.com:cquilaguy/ARQ-TICS.git",
            "svn_url": "https://github.com/cquilaguy/ARQ-TICS",
            "template": [],
            "topics": [],
            "visibility": "public",
            "vulnerability_alerts": false,
            "web_commit_signoff_required": false
          },
          "sensitive_attributes": [],
          "private": "eyJzY2hlbWFfdmVyc2lvbiI6IjEifQ=="
        }
      ]
    },
    {
      "mode": "managed",
      "type": "github_repository_file",
      "name": "readme",
      "provider": "provider[\"registry.terraform.io/integrations/github\"]",
      "instances": [
        {
          "schema_version": 0,
          "attributes": {
            "branch": null,
            "commit_author": null,
            "commit_email": null,
            "commit_message": "Add README.md",
            "commit_sha": "0589424a402022c712c91396542bbe369933d36b",
            "content": "Laboratorio Terraform",
            "file": "README.md",
            "id": "ARQ-TICS/README.md",
            "overwrite_on_create": false,
            "ref": "main",
            "repository": "ARQ-TICS",
            "sha": "9b938d7016334a59c566931f1b97cfc72bd4052b"
          },
          "sensitive_attributes": [],
          "private": "bnVsbA==",
          "dependencies": [
            "github_repository.example"
          ]
        }
      ]
    },
    {
      "mode": "managed",
      "type": "github_repository_file",
      "name": "readme_commit",
      "provider": "provider[\"registry.terraform.io/integrations/github\"]",
      "instances": [
        {
          "schema_version": 0,
          "attributes": {
            "branch": "main",
            "commit_author": null,
            "commit_email": null,
            "commit_message": "Agregado archivo README.md",
            "commit_sha": "5af1b248cd27fccbd61e34f0bac54492174d23fe",
            "content": "Laboratorio Terraform",
            "file": "README.md",
            "id": "ARQ-TICS/README.md",
            "overwrite_on_create": true,
            "ref": "main",
            "repository": "ARQ-TICS",
            "sha": "9b938d7016334a59c566931f1b97cfc72bd4052b"
          },
          "sensitive_attributes": [],
          "private": "bnVsbA==",
          "dependencies": [
            "github_repository.example",
            "github_repository_file.readme"
          ]
        }
      ]
    }
  ],
  "check_results": null
}
